
Microsoft Visual Studio Solution File, Format Version 12.00
# Visual Studio 15
VisualStudioVersion = 15.0.27130.2027
MinimumVisualStudioVersion = 10.0.40219.1
Project("{FAE04EC0-301F-11D3-BF4B-00C04F79EFBC}") = "MailGO.Model", "MailGO.Model\MailGO.Model.csproj", "{AD58920E-6EC9-40FD-8C4F-D76B28B49885}"
EndProject
Project("{FAE04EC0-301F-11D3-BF4B-00C04F79EFBC}") = "MailGO.Address", "MailGO.Address\MailGO.Address.csproj", "{4D0DD1DE-EE4E-46D0-837C-2B978E69661A}"
EndProject
Project("{FAE04EC0-301F-11D3-BF4B-00C04F79EFBC}") = "MailGO.Address.Tester", "MailGO.Address.Tester\MailGO.Address.Tester.csproj", "{1DAEE09E-52FE-42C8-8D58-5BA9593641D5}"
EndProject
Project("{FAE04EC0-301F-11D3-BF4B-00C04F79EFBC}") = "MailGO.License", "MailGO.License\MailGO.License.csproj", "{463D5BE1-BA61-4317-B33F-25055A36413A}"
EndProject
Project("{FAE04EC0-301F-11D3-BF4B-00C04F79EFBC}") = "MailGO.License.Tester", "MailGO.License.Tester\MailGO.License.Tester.csproj", "{A71BA213-A24C-400D-95BD-125DF8875227}"
EndProject
Project("{FAE04EC0-301F-11D3-BF4B-00C04F79EFBC}") = "MailGO.Utils", "MailGO.Utils\MailGO.Utils.csproj", "{AAB420D9-A89D-4045-BC0A-2173AD95B4CB}"
EndProject
Project("{FAE04EC0-301F-11D3-BF4B-00C04F79EFBC}") = "MailGO.Activation", "MailGO.Activation\MailGO.Activation.csproj", "{E30D2DDB-0C2F-4B9A-8C9A-4F49F39A44C0}"
EndProject
Project("{FAE04EC0-301F-11D3-BF4B-00C04F79EFBC}") = "MailGO.Activation.Tester", "MailGO.Activation.Tester\MailGO.Activation.Tester.csproj", "{ECF76418-1757-4F6F-99F3-98AB76D77DAB}"
EndProject
Project("{54435603-DBB4-11D2-8724-00A0C9A8B90C}") = "MailGO.Activation.TesterSetup", "MailGO.Activation.TesterSetup\MailGO.Activation.TesterSetup.vdproj", "{1A12C257-B0C6-4E75-851D-F52485A97720}"
EndProject
Project("{54435603-DBB4-11D2-8724-00A0C9A8B90C}") = "MailGO.UnitySetup", "MailGO.UnitySetup\MailGO.UnitySetup.vdproj", "{D28D4D62-4500-445E-82BD-708824C3E1A4}"
EndProject
Project("{FAE04EC0-301F-11D3-BF4B-00C04F79EFBC}") = "MailGO.Accessories", "MailGO.Accessories\MailGO.Accessories.csproj", "{C600D40A-DF25-4395-B5A7-A56519068733}"
EndProject
Project("{54435603-DBB4-11D2-8724-00A0C9A8B90C}") = "MailGO.AccessoriesSetup", "MailGO.AccessoriesSetup\MailGO.AccessoriesSetup.vdproj", "{9D2896A3-4A35-48A1-93EE-ACC7C2C1650B}"
EndProject
Project("{FAE04EC0-301F-11D3-BF4B-00C04F79EFBC}") = "MailGO.Unity", "MailGO.Unity\MailGO.Unity.csproj", "{D13C01CA-5FD5-4F7C-A87B-D41BE9946F90}"
EndProject
Global
	GlobalSection(SolutionConfigurationPlatforms) = preSolution
		build|Any CPU = build|Any CPU
		build|x64 = build|x64
		Debug|Any CPU = Debug|Any CPU
		Debug|x64 = Debug|x64
		Release|Any CPU = Release|Any CPU
		Release|x64 = Release|x64
	EndGlobalSection
	GlobalSection(ProjectConfigurationPlatforms) = postSolution
		{AD58920E-6EC9-40FD-8C4F-D76B28B49885}.build|Any CPU.ActiveCfg = build|Any CPU
		{AD58920E-6EC9-40FD-8C4F-D76B28B49885}.build|Any CPU.Build.0 = build|Any CPU
		{AD58920E-6EC9-40FD-8C4F-D76B28B49885}.build|x64.ActiveCfg = build|x64
		{AD58920E-6EC9-40FD-8C4F-D76B28B49885}.build|x64.Build.0 = build|x64
		{AD58920E-6EC9-40FD-8C4F-D76B28B49885}.Debug|Any CPU.ActiveCfg = Debug|Any CPU
		{AD58920E-6EC9-40FD-8C4F-D76B28B49885}.Debug|Any CPU.Build.0 = Debug|Any CPU
		{AD58920E-6EC9-40FD-8C4F-D76B28B49885}.Debug|x64.ActiveCfg = Debug|x64
		{AD58920E-6EC9-40FD-8C4F-D76B28B49885}.Debug|x64.Build.0 = Debug|x64
		{AD58920E-6EC9-40FD-8C4F-D76B28B49885}.Release|Any CPU.ActiveCfg = Release|Any CPU
		{AD58920E-6EC9-40FD-8C4F-D76B28B49885}.Release|Any CPU.Build.0 = Release|Any CPU
		{AD58920E-6EC9-40FD-8C4F-D76B28B49885}.Release|x64.ActiveCfg = Release|x64
		{AD58920E-6EC9-40FD-8C4F-D76B28B49885}.Release|x64.Build.0 = Release|x64
		{4D0DD1DE-EE4E-46D0-837C-2B978E69661A}.build|Any CPU.ActiveCfg = build|Any CPU
		{4D0DD1DE-EE4E-46D0-837C-2B978E69661A}.build|Any CPU.Build.0 = build|Any CPU
		{4D0DD1DE-EE4E-46D0-837C-2B978E69661A}.build|x64.ActiveCfg = build|x64
		{4D0DD1DE-EE4E-46D0-837C-2B978E69661A}.build|x64.Build.0 = build|x64
		{4D0DD1DE-EE4E-46D0-837C-2B978E69661A}.Debug|Any CPU.ActiveCfg = Debug|Any CPU
		{4D0DD1DE-EE4E-46D0-837C-2B978E69661A}.Debug|Any CPU.Build.0 = Debug|Any CPU
		{4D0DD1DE-EE4E-46D0-837C-2B978E69661A}.Debug|x64.ActiveCfg = Debug|x64
		{4D0DD1DE-EE4E-46D0-837C-2B978E69661A}.Debug|x64.Build.0 = Debug|x64
		{4D0DD1DE-EE4E-46D0-837C-2B978E69661A}.Release|Any CPU.ActiveCfg = Release|Any CPU
		{4D0DD1DE-EE4E-46D0-837C-2B978E69661A}.Release|Any CPU.Build.0 = Release|Any CPU
		{4D0DD1DE-EE4E-46D0-837C-2B978E69661A}.Release|x64.ActiveCfg = Release|x64
		{4D0DD1DE-EE4E-46D0-837C-2B978E69661A}.Release|x64.Build.0 = Release|x64
		{1DAEE09E-52FE-42C8-8D58-5BA9593641D5}.build|Any CPU.ActiveCfg = build|Any CPU
		{1DAEE09E-52FE-42C8-8D58-5BA9593641D5}.build|x64.ActiveCfg = build|x64
		{1DAEE09E-52FE-42C8-8D58-5BA9593641D5}.Debug|Any CPU.ActiveCfg = Debug|Any CPU
		{1DAEE09E-52FE-42C8-8D58-5BA9593641D5}.Debug|Any CPU.Build.0 = Debug|Any CPU
		{1DAEE09E-52FE-42C8-8D58-5BA9593641D5}.Debug|x64.ActiveCfg = Debug|x64
		{1DAEE09E-52FE-42C8-8D58-5BA9593641D5}.Release|Any CPU.ActiveCfg = Release|Any CPU
		{1DAEE09E-52FE-42C8-8D58-5BA9593641D5}.Release|Any CPU.Build.0 = Release|Any CPU
		{1DAEE09E-52FE-42C8-8D58-5BA9593641D5}.Release|x64.ActiveCfg = Release|x64
		{463D5BE1-BA61-4317-B33F-25055A36413A}.build|Any CPU.ActiveCfg = Release|Any CPU
		{463D5BE1-BA61-4317-B33F-25055A36413A}.build|Any CPU.Build.0 = Release|Any CPU
		{463D5BE1-BA61-4317-B33F-25055A36413A}.build|x64.ActiveCfg = Release|x64
		{463D5BE1-BA61-4317-B33F-25055A36413A}.build|x64.Build.0 = Release|x64
		{463D5BE1-BA61-4317-B33F-25055A36413A}.Debug|Any CPU.ActiveCfg = Debug|Any CPU
		{463D5BE1-BA61-4317-B33F-25055A36413A}.Debug|Any CPU.Build.0 = Debug|Any CPU
		{463D5BE1-BA61-4317-B33F-25055A36413A}.Debug|x64.ActiveCfg = Debug|x64
		{463D5BE1-BA61-4317-B33F-25055A36413A}.Debug|x64.Build.0 = Debug|x64
		{463D5BE1-BA61-4317-B33F-25055A36413A}.Release|Any CPU.ActiveCfg = Release|Any CPU
		{463D5BE1-BA61-4317-B33F-25055A36413A}.Release|Any CPU.Build.0 = Release|Any CPU
		{463D5BE1-BA61-4317-B33F-25055A36413A}.Release|x64.ActiveCfg = Release|x64
		{463D5BE1-BA61-4317-B33F-25055A36413A}.Release|x64.Build.0 = Release|x64
		{A71BA213-A24C-400D-95BD-125DF8875227}.build|Any CPU.ActiveCfg = Release|Any CPU
		{A71BA213-A24C-400D-95BD-125DF8875227}.build|x64.ActiveCfg = Release|x64
		{A71BA213-A24C-400D-95BD-125DF8875227}.build|x64.Build.0 = Release|x64
		{A71BA213-A24C-400D-95BD-125DF8875227}.Debug|Any CPU.ActiveCfg = Debug|Any CPU
		{A71BA213-A24C-400D-95BD-125DF8875227}.Debug|Any CPU.Build.0 = Debug|Any CPU
		{A71BA213-A24C-400D-95BD-125DF8875227}.Debug|x64.ActiveCfg = Debug|x64
		{A71BA213-A24C-400D-95BD-125DF8875227}.Release|Any CPU.ActiveCfg = Release|Any CPU
		{A71BA213-A24C-400D-95BD-125DF8875227}.Release|Any CPU.Build.0 = Release|Any CPU
		{A71BA213-A24C-400D-95BD-125DF8875227}.Release|x64.ActiveCfg = Release|x64
		{AAB420D9-A89D-4045-BC0A-2173AD95B4CB}.build|Any CPU.ActiveCfg = Release|Any CPU
		{AAB420D9-A89D-4045-BC0A-2173AD95B4CB}.build|Any CPU.Build.0 = Release|Any CPU
		{AAB420D9-A89D-4045-BC0A-2173AD95B4CB}.build|x64.ActiveCfg = Release|x64
		{AAB420D9-A89D-4045-BC0A-2173AD95B4CB}.build|x64.Build.0 = Release|x64
		{AAB420D9-A89D-4045-BC0A-2173AD95B4CB}.Debug|Any CPU.ActiveCfg = Debug|Any CPU
		{AAB420D9-A89D-4045-BC0A-2173AD95B4CB}.Debug|Any CPU.Build.0 = Debug|Any CPU
		{AAB420D9-A89D-4045-BC0A-2173AD95B4CB}.Debug|x64.ActiveCfg = Debug|x64
		{AAB420D9-A89D-4045-BC0A-2173AD95B4CB}.Debug|x64.Build.0 = Debug|x64
		{AAB420D9-A89D-4045-BC0A-2173AD95B4CB}.Release|Any CPU.ActiveCfg = Release|Any CPU
		{AAB420D9-A89D-4045-BC0A-2173AD95B4CB}.Release|Any CPU.Build.0 = Release|Any CPU
		{AAB420D9-A89D-4045-BC0A-2173AD95B4CB}.Release|x64.ActiveCfg = Release|x64
		{AAB420D9-A89D-4045-BC0A-2173AD95B4CB}.Release|x64.Build.0 = Release|x64
		{E30D2DDB-0C2F-4B9A-8C9A-4F49F39A44C0}.build|Any CPU.ActiveCfg = Release|Any CPU
		{E30D2DDB-0C2F-4B9A-8C9A-4F49F39A44C0}.build|Any CPU.Build.0 = Release|Any CPU
		{E30D2DDB-0C2F-4B9A-8C9A-4F49F39A44C0}.build|x64.ActiveCfg = Release|x64
		{E30D2DDB-0C2F-4B9A-8C9A-4F49F39A44C0}.build|x64.Build.0 = Release|x64
		{E30D2DDB-0C2F-4B9A-8C9A-4F49F39A44C0}.Debug|Any CPU.ActiveCfg = Debug|Any CPU
		{E30D2DDB-0C2F-4B9A-8C9A-4F49F39A44C0}.Debug|Any CPU.Build.0 = Debug|Any CPU
		{E30D2DDB-0C2F-4B9A-8C9A-4F49F39A44C0}.Debug|x64.ActiveCfg = Debug|x64
		{E30D2DDB-0C2F-4B9A-8C9A-4F49F39A44C0}.Debug|x64.Build.0 = Debug|x64
		{E30D2DDB-0C2F-4B9A-8C9A-4F49F39A44C0}.Release|Any CPU.ActiveCfg = Release|Any CPU
		{E30D2DDB-0C2F-4B9A-8C9A-4F49F39A44C0}.Release|Any CPU.Build.0 = Release|Any CPU
		{E30D2DDB-0C2F-4B9A-8C9A-4F49F39A44C0}.Release|x64.ActiveCfg = Release|x64
		{E30D2DDB-0C2F-4B9A-8C9A-4F49F39A44C0}.Release|x64.Build.0 = Release|x64
		{ECF76418-1757-4F6F-99F3-98AB76D77DAB}.build|Any CPU.ActiveCfg = Release|Any CPU
		{ECF76418-1757-4F6F-99F3-98AB76D77DAB}.build|x64.ActiveCfg = Release|x64
		{ECF76418-1757-4F6F-99F3-98AB76D77DAB}.build|x64.Build.0 = Release|x64
		{ECF76418-1757-4F6F-99F3-98AB76D77DAB}.Debug|Any CPU.ActiveCfg = Debug|Any CPU
		{ECF76418-1757-4F6F-99F3-98AB76D77DAB}.Debug|Any CPU.Build.0 = Debug|Any CPU
		{ECF76418-1757-4F6F-99F3-98AB76D77DAB}.Debug|x64.ActiveCfg = Debug|x64
		{ECF76418-1757-4F6F-99F3-98AB76D77DAB}.Release|Any CPU.ActiveCfg = Release|Any CPU
		{ECF76418-1757-4F6F-99F3-98AB76D77DAB}.Release|Any CPU.Build.0 = Release|Any CPU
		{ECF76418-1757-4F6F-99F3-98AB76D77DAB}.Release|x64.ActiveCfg = Release|x64
		{1A12C257-B0C6-4E75-851D-F52485A97720}.build|Any CPU.ActiveCfg = Release
		{1A12C257-B0C6-4E75-851D-F52485A97720}.build|x64.ActiveCfg = Release
		{1A12C257-B0C6-4E75-851D-F52485A97720}.build|x64.Build.0 = Release
		{1A12C257-B0C6-4E75-851D-F52485A97720}.Debug|Any CPU.ActiveCfg = Debug
		{1A12C257-B0C6-4E75-851D-F52485A97720}.Debug|Any CPU.Build.0 = Debug
		{1A12C257-B0C6-4E75-851D-F52485A97720}.Debug|x64.ActiveCfg = Debug
		{1A12C257-B0C6-4E75-851D-F52485A97720}.Debug|x64.Build.0 = Debug
		{1A12C257-B0C6-4E75-851D-F52485A97720}.Release|Any CPU.ActiveCfg = Release
		{1A12C257-B0C6-4E75-851D-F52485A97720}.Release|Any CPU.Build.0 = Release
		{1A12C257-B0C6-4E75-851D-F52485A97720}.Release|x64.ActiveCfg = Release
		{1A12C257-B0C6-4E75-851D-F52485A97720}.Release|x64.Build.0 = Release
		{D28D4D62-4500-445E-82BD-708824C3E1A4}.build|Any CPU.ActiveCfg = Release
		{D28D4D62-4500-445E-82BD-708824C3E1A4}.build|Any CPU.Build.0 = Release
		{D28D4D62-4500-445E-82BD-708824C3E1A4}.build|x64.ActiveCfg = Release
		{D28D4D62-4500-445E-82BD-708824C3E1A4}.build|x64.Build.0 = Release
		{D28D4D62-4500-445E-82BD-708824C3E1A4}.Debug|Any CPU.ActiveCfg = Debug
		{D28D4D62-4500-445E-82BD-708824C3E1A4}.Debug|x64.ActiveCfg = Debug
		{D28D4D62-4500-445E-82BD-708824C3E1A4}.Debug|x64.Build.0 = Debug
		{D28D4D62-4500-445E-82BD-708824C3E1A4}.Release|Any CPU.ActiveCfg = Release
		{D28D4D62-4500-445E-82BD-708824C3E1A4}.Release|Any CPU.Build.0 = Release
		{D28D4D62-4500-445E-82BD-708824C3E1A4}.Release|x64.ActiveCfg = Release
		{D28D4D62-4500-445E-82BD-708824C3E1A4}.Release|x64.Build.0 = Release
		{C600D40A-DF25-4395-B5A7-A56519068733}.build|Any CPU.ActiveCfg = Release|Any CPU
		{C600D40A-DF25-4395-B5A7-A56519068733}.build|Any CPU.Build.0 = Release|Any CPU
		{C600D40A-DF25-4395-B5A7-A56519068733}.build|x64.ActiveCfg = Release|x64
		{C600D40A-DF25-4395-B5A7-A56519068733}.build|x64.Build.0 = Release|x64
		{C600D40A-DF25-4395-B5A7-A56519068733}.Debug|Any CPU.ActiveCfg = Debug|Any CPU
		{C600D40A-DF25-4395-B5A7-A56519068733}.Debug|Any CPU.Build.0 = Debug|Any CPU
		{C600D40A-DF25-4395-B5A7-A56519068733}.Debug|x64.ActiveCfg = Debug|x64
		{C600D40A-DF25-4395-B5A7-A56519068733}.Debug|x64.Build.0 = Debug|x64
		{C600D40A-DF25-4395-B5A7-A56519068733}.Release|Any CPU.ActiveCfg = Release|Any CPU
		{C600D40A-DF25-4395-B5A7-A56519068733}.Release|Any CPU.Build.0 = Release|Any CPU
		{C600D40A-DF25-4395-B5A7-A56519068733}.Release|x64.ActiveCfg = Release|x64
		{C600D40A-DF25-4395-B5A7-A56519068733}.Release|x64.Build.0 = Release|x64
		{9D2896A3-4A35-48A1-93EE-ACC7C2C1650B}.build|Any CPU.ActiveCfg = Release
		{9D2896A3-4A35-48A1-93EE-ACC7C2C1650B}.build|Any CPU.Build.0 = Release
		{9D2896A3-4A35-48A1-93EE-ACC7C2C1650B}.build|x64.ActiveCfg = Release
		{9D2896A3-4A35-48A1-93EE-ACC7C2C1650B}.build|x64.Build.0 = Release
		{9D2896A3-4A35-48A1-93EE-ACC7C2C1650B}.Debug|Any CPU.ActiveCfg = Debug
		{9D2896A3-4A35-48A1-93EE-ACC7C2C1650B}.Debug|x64.ActiveCfg = Debug
		{9D2896A3-4A35-48A1-93EE-ACC7C2C1650B}.Debug|x64.Build.0 = Debug
		{9D2896A3-4A35-48A1-93EE-ACC7C2C1650B}.Release|Any CPU.ActiveCfg = Release
		{9D2896A3-4A35-48A1-93EE-ACC7C2C1650B}.Release|x64.ActiveCfg = Release
		{9D2896A3-4A35-48A1-93EE-ACC7C2C1650B}.Release|x64.Build.0 = Release
		{D13C01CA-5FD5-4F7C-A87B-D41BE9946F90}.build|Any CPU.ActiveCfg = Release|Any CPU
		{D13C01CA-5FD5-4F7C-A87B-D41BE9946F90}.build|Any CPU.Build.0 = Release|Any CPU
		{D13C01CA-5FD5-4F7C-A87B-D41BE9946F90}.build|x64.ActiveCfg = Release|Any CPU
		{D13C01CA-5FD5-4F7C-A87B-D41BE9946F90}.build|x64.Build.0 = Release|Any CPU
		{D13C01CA-5FD5-4F7C-A87B-D41BE9946F90}.Debug|Any CPU.ActiveCfg = Debug|Any CPU
		{D13C01CA-5FD5-4F7C-A87B-D41BE9946F90}.Debug|Any CPU.Build.0 = Debug|Any CPU
		{D13C01CA-5FD5-4F7C-A87B-D41BE9946F90}.Debug|x64.ActiveCfg = Debug|Any CPU
		{D13C01CA-5FD5-4F7C-A87B-D41BE9946F90}.Debug|x64.Build.0 = Debug|Any CPU
		{D13C01CA-5FD5-4F7C-A87B-D41BE9946F90}.Release|Any CPU.ActiveCfg = Release|Any CPU
		{D13C01CA-5FD5-4F7C-A87B-D41BE9946F90}.Release|Any CPU.Build.0 = Release|Any CPU
		{D13C01CA-5FD5-4F7C-A87B-D41BE9946F90}.Release|x64.ActiveCfg = Release|Any CPU
		{D13C01CA-5FD5-4F7C-A87B-D41BE9946F90}.Release|x64.Build.0 = Release|Any CPU
	EndGlobalSection
	GlobalSection(SolutionProperties) = preSolution
		HideSolutionNode = FALSE
	EndGlobalSection
	GlobalSection(ExtensibilityGlobals) = postSolution
		SolutionGuid = {C7FAD460-3183-4F49-A5BD-CE9DF71ADBEE}
	EndGlobalSection
EndGlobal
